
Microsoft Visual Studio Solution File, Format Version 12.00
# Visual Studio 15
VisualStudioVersion = 15.0.27703.2035
MinimumVisualStudioVersion = 10.0.40219.1
Project("{9A19103F-16F7-4668-BE54-9A1E7A4F7556}") = "BooksEditor", "BooksEditor\BooksEditor.csproj", "{37450C70-CC9B-4580-8D02-4D181A9074F7}"
EndProject
Project("{9A19103F-16F7-4668-BE54-9A1E7A4F7556}") = "BooksEditor.Data.Models", "BooksEditor.Data.Models\BooksEditor.Data.Models.csproj", "{3CB5B840-4AB6-402B-AFD2-A3DF442960CB}"
EndProject
Project("{9A19103F-16F7-4668-BE54-9A1E7A4F7556}") = "BooksEditor.Data", "BooksEditor.Data\BooksEditor.Data.csproj", "{B1A3A84D-CE5C-4CC9-8716-7810D245F108}"
EndProject
Project("{9A19103F-16F7-4668-BE54-9A1E7A4F7556}") = "BooksEditor.Services", "BooksEditor.Services\BooksEditor.Services.csproj", "{FC4F9D10-0DF0-4753-BC45-21CC473C1E51}"
EndProject
Project("{FAE04EC0-301F-11D3-BF4B-00C04F79EFBC}") = "BooksEditor.Tests", "BooksEditor.Tests\BooksEditor.Tests.csproj", "{13728EAD-590A-4C32-8FF3-F0DF651758D0}"
EndProject
Global
	GlobalSection(SolutionConfigurationPlatforms) = preSolution
		Debug|Any CPU = Debug|Any CPU
		Release|Any CPU = Release|Any CPU
	EndGlobalSection
	GlobalSection(ProjectConfigurationPlatforms) = postSolution
		{37450C70-CC9B-4580-8D02-4D181A9074F7}.Debug|Any CPU.ActiveCfg = Debug|Any CPU
		{37450C70-CC9B-4580-8D02-4D181A9074F7}.Debug|Any CPU.Build.0 = Debug|Any CPU
		{37450C70-CC9B-4580-8D02-4D181A9074F7}.Release|Any CPU.ActiveCfg = Release|Any CPU
		{37450C70-CC9B-4580-8D02-4D181A9074F7}.Release|Any CPU.Build.0 = Release|Any CPU
		{3CB5B840-4AB6-402B-AFD2-A3DF442960CB}.Debug|Any CPU.ActiveCfg = Debug|Any CPU
		{3CB5B840-4AB6-402B-AFD2-A3DF442960CB}.Debug|Any CPU.Build.0 = Debug|Any CPU
		{3CB5B840-4AB6-402B-AFD2-A3DF442960CB}.Release|Any CPU.ActiveCfg = Release|Any CPU
		{3CB5B840-4AB6-402B-AFD2-A3DF442960CB}.Release|Any CPU.Build.0 = Release|Any CPU
		{B1A3A84D-CE5C-4CC9-8716-7810D245F108}.Debug|Any CPU.ActiveCfg = Debug|Any CPU
		{B1A3A84D-CE5C-4CC9-8716-7810D245F108}.Debug|Any CPU.Build.0 = Debug|Any CPU
		{B1A3A84D-CE5C-4CC9-8716-7810D245F108}.Release|Any CPU.ActiveCfg = Release|Any CPU
		{B1A3A84D-CE5C-4CC9-8716-7810D245F108}.Release|Any CPU.Build.0 = Release|Any CPU
		{FC4F9D10-0DF0-4753-BC45-21CC473C1E51}.Debug|Any CPU.ActiveCfg = Debug|Any CPU
		{FC4F9D10-0DF0-4753-BC45-21CC473C1E51}.Debug|Any CPU.Build.0 = Debug|Any CPU
		{FC4F9D10-0DF0-4753-BC45-21CC473C1E51}.Release|Any CPU.ActiveCfg = Release|Any CPU
		{FC4F9D10-0DF0-4753-BC45-21CC473C1E51}.Release|Any CPU.Build.0 = Release|Any CPU
		{13728EAD-590A-4C32-8FF3-F0DF651758D0}.Debug|Any CPU.ActiveCfg = Debug|Any CPU
		{13728EAD-590A-4C32-8FF3-F0DF651758D0}.Debug|Any CPU.Build.0 = Debug|Any CPU
		{13728EAD-590A-4C32-8FF3-F0DF651758D0}.Release|Any CPU.ActiveCfg = Release|Any CPU
		{13728EAD-590A-4C32-8FF3-F0DF651758D0}.Release|Any CPU.Build.0 = Release|Any CPU
	EndGlobalSection
	GlobalSection(SolutionProperties) = preSolution
		HideSolutionNode = FALSE
	EndGlobalSection
	GlobalSection(ExtensibilityGlobals) = postSolution
		SolutionGuid = {78FDAE87-9FF2-43B1-8AD8-4C6EC9FC7E57}
	EndGlobalSection
EndGlobal
